// !$*UTF8*$!
{
	archiveVersion = 1;
	classes = {
	};
	objectVersion = 50;
	objects = {

/* Begin PBXBuildFile section */
		2F063372211AAC14008A83CF /* AppDelegate.swift in Sources */ = {isa = PBXBuildFile; fileRef = 2F063371211AAC14008A83CF /* AppDelegate.swift */; };
		2F063374211AAC14008A83CF /* ViewController.swift in Sources */ = {isa = PBXBuildFile; fileRef = 2F063373211AAC14008A83CF /* ViewController.swift */; };
		2F063377211AAC14008A83CF /* Main.storyboard in Resources */ = {isa = PBXBuildFile; fileRef = 2F063375211AAC14008A83CF /* Main.storyboard */; };
		2F063379211AAC16008A83CF /* Assets.xcassets in Resources */ = {isa = PBXBuildFile; fileRef = 2F063378211AAC16008A83CF /* Assets.xcassets */; };
		2F06337C211AAC16008A83CF /* LaunchScreen.storyboard in Resources */ = {isa = PBXBuildFile; fileRef = 2F06337A211AAC16008A83CF /* LaunchScreen.storyboard */; };
		2F063387211AAC16008A83CF /* burger_menuTests.swift in Sources */ = {isa = PBXBuildFile; fileRef = 2F063386211AAC16008A83CF /* burger_menuTests.swift */; };
		2F063392211AAC16008A83CF /* burger_menuUITests.swift in Sources */ = {isa = PBXBuildFile; fileRef = 2F063391211AAC16008A83CF /* burger_menuUITests.swift */; };
		2F0633A4211AAFFA008A83CF /* SideMenuManager.swift in Sources */ = {isa = PBXBuildFile; fileRef = 2F0633A0211AAFF9008A83CF /* SideMenuManager.swift */; };
		2F0633A5211AAFFA008A83CF /* SideMenuTransition.swift in Sources */ = {isa = PBXBuildFile; fileRef = 2F0633A1211AAFF9008A83CF /* SideMenuTransition.swift */; };
		2F0633A6211AAFFA008A83CF /* UISideMenuNavigationController.swift in Sources */ = {isa = PBXBuildFile; fileRef = 2F0633A2211AAFFA008A83CF /* UISideMenuNavigationController.swift */; };
		2F0633A7211AAFFA008A83CF /* UITableViewVibrantCell.swift in Sources */ = {isa = PBXBuildFile; fileRef = 2F0633A3211AAFFA008A83CF /* UITableViewVibrantCell.swift */; };
		2F0633A9211AC57C008A83CF /* MenuViewController.swift in Sources */ = {isa = PBXBuildFile; fileRef = 2F0633A8211AC57C008A83CF /* MenuViewController.swift */; };
/* End PBXBuildFile section */

/* Begin PBXContainerItemProxy section */
		2F063383211AAC16008A83CF /* PBXContainerItemProxy */ = {
			isa = PBXContainerItemProxy;
			containerPortal = 2F063366211AAC14008A83CF /* Project object */;
			proxyType = 1;
			remoteGlobalIDString = 2F06336D211AAC14008A83CF;
			remoteInfo = "burger-menu";
		};
		2F06338E211AAC16008A83CF /* PBXContainerItemProxy */ = {
			isa = PBXContainerItemProxy;
			containerPortal = 2F063366211AAC14008A83CF /* Project object */;
			proxyType = 1;
			remoteGlobalIDString = 2F06336D211AAC14008A83CF;
			remoteInfo = "burger-menu";
		};
/* End PBXContainerItemProxy section */

/* Begin PBXFileReference section */
		2F06336E211AAC14008A83CF /* burger-menu.app */ = {isa = PBXFileReference; explicitFileType = wrapper.application; includeInIndex = 0; path = "burger-menu.app"; sourceTree = BUILT_PRODUCTS_DIR; };
		2F063371211AAC14008A83CF /* AppDelegate.swift */ = {isa = PBXFileReference; lastKnownFileType = sourcecode.swift; path = AppDelegate.swift; sourceTree = "<group>"; };
		2F063373211AAC14008A83CF /* ViewController.swift */ = {isa = PBXFileReference; lastKnownFileType = sourcecode.swift; path = ViewController.swift; sourceTree = "<group>"; };
		2F063376211AAC14008A83CF /* Base */ = {isa = PBXFileReference; lastKnownFileType = file.storyboard; name = Base; path = Base.lproj/Main.storyboard; sourceTree = "<group>"; };
		2F063378211AAC16008A83CF /* Assets.xcassets */ = {isa = PBXFileReference; lastKnownFileType = folder.assetcatalog; path = Assets.xcassets; sourceTree = "<group>"; };
		2F06337B211AAC16008A83CF /* Base */ = {isa = PBXFileReference; lastKnownFileType = file.storyboard; name = Base; path = Base.lproj/LaunchScreen.storyboard; sourceTree = "<group>"; };
		2F06337D211AAC16008A83CF /* Info.plist */ = {isa = PBXFileReference; lastKnownFileType = text.plist.xml; path = Info.plist; sourceTree = "<group>"; };
		2F063382211AAC16008A83CF /* burger-menuTests.xctest */ = {isa = PBXFileReference; explicitFileType = wrapper.cfbundle; includeInIndex = 0; path = "burger-menuTests.xctest"; sourceTree = BUILT_PRODUCTS_DIR; };
		2F063386211AAC16008A83CF /* burger_menuTests.swift */ = {isa = PBXFileReference; lastKnownFileType = sourcecode.swift; path = burger_menuTests.swift; sourceTree = "<group>"; };
		2F063388211AAC16008A83CF /* Info.plist */ = {isa = PBXFileReference; lastKnownFileType = text.plist.xml; path = Info.plist; sourceTree = "<group>"; };
		2F06338D211AAC16008A83CF /* burger-menuUITests.xctest */ = {isa = PBXFileReference; explicitFileType = wrapper.cfbundle; includeInIndex = 0; path = "burger-menuUITests.xctest"; sourceTree = BUILT_PRODUCTS_DIR; };
		2F063391211AAC16008A83CF /* burger_menuUITests.swift */ = {isa = PBXFileReference; lastKnownFileType = sourcecode.swift; path = burger_menuUITests.swift; sourceTree = "<group>"; };
		2F063393211AAC16008A83CF /* Info.plist */ = {isa = PBXFileReference; lastKnownFileType = text.plist.xml; path = Info.plist; sourceTree = "<group>"; };
		2F0633A0211AAFF9008A83CF /* SideMenuManager.swift */ = {isa = PBXFileReference; fileEncoding = 4; lastKnownFileType = sourcecode.swift; path = SideMenuManager.swift; sourceTree = "<group>"; };
		2F0633A1211AAFF9008A83CF /* SideMenuTransition.swift */ = {isa = PBXFileReference; fileEncoding = 4; lastKnownFileType = sourcecode.swift; path = SideMenuTransition.swift; sourceTree = "<group>"; };
		2F0633A2211AAFFA008A83CF /* UISideMenuNavigationController.swift */ = {isa = PBXFileReference; fileEncoding = 4; lastKnownFileType = sourcecode.swift; path = UISideMenuNavigationController.swift; sourceTree = "<group>"; };
		2F0633A3211AAFFA008A83CF /* UITableViewVibrantCell.swift */ = {isa = PBXFileReference; fileEncoding = 4; lastKnownFileType = sourcecode.swift; path = UITableViewVibrantCell.swift; sourceTree = "<group>"; };
		2F0633A8211AC57C008A83CF /* MenuViewController.swift */ = {isa = PBXFileReference; lastKnownFileType = sourcecode.swift; path = MenuViewController.swift; sourceTree = "<group>"; };
/* End PBXFileReference section */

/* Begin PBXFrameworksBuildPhase section */
		2F06336B211AAC14008A83CF /* Frameworks */ = {
			isa = PBXFrameworksBuildPhase;
			buildActionMask = 2147483647;
			files = (
			);
			runOnlyForDeploymentPostprocessing = 0;
		};
		2F06337F211AAC16008A83CF /* Frameworks */ = {
			isa = PBXFrameworksBuildPhase;
			buildActionMask = 2147483647;
			files = (
			);
			runOnlyForDeploymentPostprocessing = 0;
		};
		2F06338A211AAC16008A83CF /* Frameworks */ = {
			isa = PBXFrameworksBuildPhase;
			buildActionMask = 2147483647;
			files = (
			);
			runOnlyForDeploymentPostprocessing = 0;
		};
/* End PBXFrameworksBuildPhase section */

/* Begin PBXGroup section */
		2F063365211AAC14008A83CF = {
			isa = PBXGroup;
			children = (
				2F063370211AAC14008A83CF /* burger-menu */,
				2F063385211AAC16008A83CF /* burger-menuTests */,
				2F063390211AAC16008A83CF /* burger-menuUITests */,
				2F06336F211AAC14008A83CF /* Products */,
			);
			sourceTree = "<group>";
		};
		2F06336F211AAC14008A83CF /* Products */ = {
			isa = PBXGroup;
			children = (
				2F06336E211AAC14008A83CF /* burger-menu.app */,
				2F063382211AAC16008A83CF /* burger-menuTests.xctest */,
				2F06338D211AAC16008A83CF /* burger-menuUITests.xctest */,
			);
			name = Products;
			sourceTree = "<group>";
		};
		2F063370211AAC14008A83CF /* burger-menu */ = {
			isa = PBXGroup;
			children = (
				2F06339F211AAFED008A83CF /* Slidemenu */,
				2F063371211AAC14008A83CF /* AppDelegate.swift */,
				2F063373211AAC14008A83CF /* ViewController.swift */,
				2F063375211AAC14008A83CF /* Main.storyboard */,
				2F063378211AAC16008A83CF /* Assets.xcassets */,
				2F06337A211AAC16008A83CF /* LaunchScreen.storyboard */,
				2F06337D211AAC16008A83CF /* Info.plist */,
				2F0633A8211AC57C008A83CF /* MenuViewController.swift */,
			);
			path = "burger-menu";
			sourceTree = "<group>";
		};
		2F063385211AAC16008A83CF /* burger-menuTests */ = {
			isa = PBXGroup;
			children = (
				2F063386211AAC16008A83CF /* burger_menuTests.swift */,
				2F063388211AAC16008A83CF /* Info.plist */,
			);
			path = "burger-menuTests";
			sourceTree = "<group>";
		};
		2F063390211AAC16008A83CF /* burger-menuUITests */ = {
			isa = PBXGroup;
			children = (
				2F063391211AAC16008A83CF /* burger_menuUITests.swift */,
				2F063393211AAC16008A83CF /* Info.plist */,
			);
			path = "burger-menuUITests";
			sourceTree = "<group>";
		};
		2F06339F211AAFED008A83CF /* Slidemenu */ = {
			isa = PBXGroup;
			children = (
				2F0633A0211AAFF9008A83CF /* SideMenuManager.swift */,
				2F0633A1211AAFF9008A83CF /* SideMenuTransition.swift */,
				2F0633A2211AAFFA008A83CF /* UISideMenuNavigationController.swift */,
				2F0633A3211AAFFA008A83CF /* UITableViewVibrantCell.swift */,
			);
			path = Slidemenu;
			sourceTree = "<group>";
		};
/* End PBXGroup section */

/* Begin PBXNativeTarget section */
		2F06336D211AAC14008A83CF /* burger-menu */ = {
			isa = PBXNativeTarget;
			buildConfigurationList = 2F063396211AAC16008A83CF /* Build configuration list for PBXNativeTarget "burger-menu" */;
			buildPhases = (
				2F06336A211AAC14008A83CF /* Sources */,
				2F06336B211AAC14008A83CF /* Frameworks */,
				2F06336C211AAC14008A83CF /* Resources */,
			);
			buildRules = (
			);
			dependencies = (
			);
			name = "burger-menu";
			productName = "burger-menu";
			productReference = 2F06336E211AAC14008A83CF /* burger-menu.app */;
			productType = "com.apple.product-type.application";
		};
		2F063381211AAC16008A83CF /* burger-menuTests */ = {
			isa = PBXNativeTarget;
			buildConfigurationList = 2F063399211AAC16008A83CF /* Build configuration list for PBXNativeTarget "burger-menuTests" */;
			buildPhases = (
				2F06337E211AAC16008A83CF /* Sources */,
				2F06337F211AAC16008A83CF /* Frameworks */,
				2F063380211AAC16008A83CF /* Resources */,
			);
			buildRules = (
			);
			dependencies = (
				2F063384211AAC16008A83CF /* PBXTargetDependency */,
			);
			name = "burger-menuTests";
			productName = "burger-menuTests";
			productReference = 2F063382211AAC16008A83CF /* burger-menuTests.xctest */;
			productType = "com.apple.product-type.bundle.unit-test";
		};
		2F06338C211AAC16008A83CF /* burger-menuUITests */ = {
			isa = PBXNativeTarget;
			buildConfigurationList = 2F06339C211AAC16008A83CF /* Build configuration list for PBXNativeTarget "burger-menuUITests" */;
			buildPhases = (
				2F063389211AAC16008A83CF /* Sources */,
				2F06338A211AAC16008A83CF /* Frameworks */,
				2F06338B211AAC16008A83CF /* Resources */,
			);
			buildRules = (
			);
			dependencies = (
				2F06338F211AAC16008A83CF /* PBXTargetDependency */,
			);
			name = "burger-menuUITests";
			productName = "burger-menuUITests";
			productReference = 2F06338D211AAC16008A83CF /* burger-menuUITests.xctest */;
			productType = "com.apple.product-type.bundle.ui-testing";
		};
/* End PBXNativeTarget section */

/* Begin PBXProject section */
		2F063366211AAC14008A83CF /* Project object */ = {
			isa = PBXProject;
			attributes = {
				LastSwiftUpdateCheck = 0940;
				LastUpgradeCheck = 0940;
				ORGANIZATIONNAME = "Agus Cahyono";
				TargetAttributes = {
					2F06336D211AAC14008A83CF = {
						CreatedOnToolsVersion = 9.4.1;
					};
					2F063381211AAC16008A83CF = {
						CreatedOnToolsVersion = 9.4.1;
						TestTargetID = 2F06336D211AAC14008A83CF;
					};
					2F06338C211AAC16008A83CF = {
						CreatedOnToolsVersion = 9.4.1;
						TestTargetID = 2F06336D211AAC14008A83CF;
					};
				};
			};
			buildConfigurationList = 2F063369211AAC14008A83CF /* Build configuration list for PBXProject "burger-menu" */;
			compatibilityVersion = "Xcode 9.3";
			developmentRegion = en;
			hasScannedForEncodings = 0;
			knownRegions = (
				en,
				Base,
			);
			mainGroup = 2F063365211AAC14008A83CF;
			productRefGroup = 2F06336F211AAC14008A83CF /* Products */;
			projectDirPath = "";
			projectRoot = "";
			targets = (
				2F06336D211AAC14008A83CF /* burger-menu */,
				2F063381211AAC16008A83CF /* burger-menuTests */,
				2F06338C211AAC16008A83CF /* burger-menuUITests */,
			);
		};
/* End PBXProject section */

/* Begin PBXResourcesBuildPhase section */
		2F06336C211AAC14008A83CF /* Resources */ = {
			isa = PBXResourcesBuildPhase;
			buildActionMask = 2147483647;
			files = (
				2F06337C211AAC16008A83CF /* LaunchScreen.storyboard in Resources */,
				2F063379211AAC16008A83CF /* Assets.xcassets in Resources */,
				2F063377211AAC14008A83CF /* Main.storyboard in Resources */,
			);
			runOnlyForDeploymentPostprocessing = 0;
		};
		2F063380211AAC16008A83CF /* Resources */ = {
			isa = PBXResourcesBuildPhase;
			buildActionMask = 2147483647;
			files = (
			);
			runOnlyForDeploymentPostprocessing = 0;
		};
		2F06338B211AAC16008A83CF /* Resources */ = {
			isa = PBXResourcesBuildPhase;
			buildActionMask = 2147483647;
			files = (
			);
			runOnlyForDeploymentPostprocessing = 0;
		};
/* End PBXResourcesBuildPhase section */

/* Begin PBXSourcesBuildPhase section */
		2F06336A211AAC14008A83CF /* Sources */ = {
			isa = PBXSourcesBuildPhase;
			buildActionMask = 2147483647;
			files = (
				2F0633A5211AAFFA008A83CF /* SideMenuTransition.swift in Sources */,
				2F063374211AAC14008A83CF /* ViewController.swift in Sources */,
				2F0633A7211AAFFA008A83CF /* UITableViewVibrantCell.swift in Sources */,
				2F0633A9211AC57C008A83CF /* MenuViewController.swift in Sources */,
				2F0633A6211AAFFA008A83CF /* UISideMenuNavigationController.swift in Sources */,
				2F0633A4211AAFFA008A83CF /* SideMenuManager.swift in Sources */,
				2F063372211AAC14008A83CF /* AppDelegate.swift in Sources */,
			);
			runOnlyForDeploymentPostprocessing = 0;
		};
		2F06337E211AAC16008A83CF /* Sources */ = {
			isa = PBXSourcesBuildPhase;
			buildActionMask = 2147483647;
			files = (
				2F063387211AAC16008A83CF /* burger_menuTests.swift in Sources */,
			);
			runOnlyForDeploymentPostprocessing = 0;
		};
		2F063389211AAC16008A83CF /* Sources */ = {
			isa = PBXSourcesBuildPhase;
			buildActionMask = 2147483647;
			files = (
				2F063392211AAC16008A83CF /* burger_menuUITests.swift in Sources */,
			);
			runOnlyForDeploymentPostprocessing = 0;
		};
/* End PBXSourcesBuildPhase section */

/* Begin PBXTargetDependency section */
		2F063384211AAC16008A83CF /* PBXTargetDependency */ = {
			isa = PBXTargetDependency;
			target = 2F06336D211AAC14008A83CF /* burger-menu */;
			targetProxy = 2F063383211AAC16008A83CF /* PBXContainerItemProxy */;
		};
		2F06338F211AAC16008A83CF /* PBXTargetDependency */ = {
			isa = PBXTargetDependency;
			target = 2F06336D211AAC14008A83CF /* burger-menu */;
			targetProxy = 2F06338E211AAC16008A83CF /* PBXContainerItemProxy */;
		};
/* End PBXTargetDependency section */

/* Begin PBXVariantGroup section */
		2F063375211AAC14008A83CF /* Main.storyboard */ = {
			isa = PBXVariantGroup;
			children = (
				2F063376211AAC14008A83CF /* Base */,
			);
			name = Main.storyboard;
			sourceTree = "<group>";
		};
		2F06337A211AAC16008A83CF /* LaunchScreen.storyboard */ = {
			isa = PBXVariantGroup;
			children = (
				2F06337B211AAC16008A83CF /* Base */,
			);
			name = LaunchScreen.storyboard;
			sourceTree = "<group>";
		};
/* End PBXVariantGroup section */

/* Begin XCBuildConfiguration section */
		2F063394211AAC16008A83CF /* Debug */ = {
			isa = XCBuildConfiguration;
			buildSettings = {
				ALWAYS_SEARCH_USER_PATHS = NO;
				CLANG_ANALYZER_NONNULL = YES;
				CLANG_ANALYZER_NUMBER_OBJECT_CONVERSION = YES_AGGRESSIVE;
				CLANG_CXX_LANGUAGE_STANDARD = "gnu++14";
				CLANG_CXX_LIBRARY = "libc++";
				CLANG_ENABLE_MODULES = YES;
				CLANG_ENABLE_OBJC_ARC = YES;
				CLANG_ENABLE_OBJC_WEAK = YES;
				CLANG_WARN_BLOCK_CAPTURE_AUTORELEASING = YES;
				CLANG_WARN_BOOL_CONVERSION = YES;
				CLANG_WARN_COMMA = YES;
				CLANG_WARN_CONSTANT_CONVERSION = YES;
				CLANG_WARN_DEPRECATED_OBJC_IMPLEMENTATIONS = YES;
				CLANG_WARN_DIRECT_OBJC_ISA_USAGE = YES_ERROR;
				CLANG_WARN_DOCUMENTATION_COMMENTS = YES;
				CLANG_WARN_EMPTY_BODY = YES;
				CLANG_WARN_ENUM_CONVERSION = YES;
				CLANG_WARN_INFINITE_RECURSION = YES;
				CLANG_WARN_INT_CONVERSION = YES;
				CLANG_WARN_NON_LITERAL_NULL_CONVERSION = YES;
				CLANG_WARN_OBJC_IMPLICIT_RETAIN_SELF = YES;
				CLANG_WARN_OBJC_LITERAL_CONVERSION = YES;
				CLANG_WARN_OBJC_ROOT_CLASS = YES_ERROR;
				CLANG_WARN_RANGE_LOOP_ANALYSIS = YES;
				CLANG_WARN_STRICT_PROTOTYPES = YES;
				CLANG_WARN_SUSPICIOUS_MOVE = YES;
				CLANG_WARN_UNGUARDED_AVAILABILITY = YES_AGGRESSIVE;
				CLANG_WARN_UNREACHABLE_CODE = YES;
				CLANG_WARN__DUPLICATE_METHOD_MATCH = YES;
				CODE_SIGN_IDENTITY = "iPhone Developer";
				COPY_PHASE_STRIP = NO;
				DEBUG_INFORMATION_FORMAT = dwarf;
				ENABLE_STRICT_OBJC_MSGSEND = YES;
				ENABLE_TESTABILITY = YES;
				GCC_C_LANGUAGE_STANDARD = gnu11;
				GCC_DYNAMIC_NO_PIC = NO;
				GCC_NO_COMMON_BLOCKS = YES;
				GCC_OPTIMIZATION_LEVEL = 0;
				GCC_PREPROCESSOR_DEFINITIONS = (
					"DEBUG=1",
					"$(inherited)",
				);
				GCC_WARN_64_TO_32_BIT_CONVERSION = YES;
				GCC_WARN_ABOUT_RETURN_TYPE = YES_ERROR;
				GCC_WARN_UNDECLARED_SELECTOR = YES;
				GCC_WARN_UNINITIALIZED_AUTOS = YES_AGGRESSIVE;
				GCC_WARN_UNUSED_FUNCTION = YES;
				GCC_WARN_UNUSED_VARIABLE = YES;
				IPHONEOS_DEPLOYMENT_TARGET = 11.4;
				MTL_ENABLE_DEBUG_INFO = YES;
				ONLY_ACTIVE_ARCH = YES;
				SDKROOT = iphoneos;
				SWIFT_ACTIVE_COMPILATION_CONDITIONS = DEBUG;
				SWIFT_OPTIMIZATION_LEVEL = "-Onone";
			};
			name = Debug;
		};
		2F063395211AAC16008A83CF /* Release */ = {
			isa = XCBuildConfiguration;
			buildSettings = {
				ALWAYS_SEARCH_USER_PATHS = NO;
				CLANG_ANALYZER_NONNULL = YES;
				CLANG_ANALYZER_NUMBER_OBJECT_CONVERSION = YES_AGGRESSIVE;
				CLANG_CXX_LANGUAGE_STANDARD = "gnu++14";
				CLANG_CXX_LIBRARY = "libc++";
				CLANG_ENABLE_MODULES = YES;
				CLANG_ENABLE_OBJC_ARC = YES;
				CLANG_ENABLE_OBJC_WEAK = YES;
				CLANG_WARN_BLOCK_CAPTURE_AUTORELEASING = YES;
				CLANG_WARN_BOOL_CONVERSION = YES;
				CLANG_WARN_COMMA = YES;
				CLANG_WARN_CONSTANT_CONVERSION = YES;
				CLANG_WARN_DEPRECATED_OBJC_IMPLEMENTATIONS = YES;
				CLANG_WARN_DIRECT_OBJC_ISA_USAGE = YES_ERROR;
				CLANG_WARN_DOCUMENTATION_COMMENTS = YES;
				CLANG_WARN_EMPTY_BODY = YES;
				CLANG_WARN_ENUM_CONVERSION = YES;
				CLANG_WARN_INFINITE_RECURSION = YES;
				CLANG_WARN_INT_CONVERSION = YES;
				CLANG_WARN_NON_LITERAL_NULL_CONVERSION = YES;
				CLANG_WARN_OBJC_IMPLICIT_RETAIN_SELF = YES;
				CLANG_WARN_OBJC_LITERAL_CONVERSION = YES;
				CLANG_WARN_OBJC_ROOT_CLASS = YES_ERROR;
				CLANG_WARN_RANGE_LOOP_ANALYSIS = YES;
				CLANG_WARN_STRICT_PROTOTYPES = YES;
				CLANG_WARN_SUSPICIOUS_MOVE = YES;
				CLANG_WARN_UNGUARDED_AVAILABILITY = YES_AGGRESSIVE;
				CLANG_WARN_UNREACHABLE_CODE = YES;
				CLANG_WARN__DUPLICATE_METHOD_MATCH = YES;
				CODE_SIGN_IDENTITY = "iPhone Developer";
				COPY_PHASE_STRIP = NO;
				DEBUG_INFORMATION_FORMAT = "dwarf-with-dsym";
				ENABLE_NS_ASSERTIONS = NO;
				ENABLE_STRICT_OBJC_MSGSEND = YES;
				GCC_C_LANGUAGE_STANDARD = gnu11;
				GCC_NO_COMMON_BLOCKS = YES;
				GCC_WARN_64_TO_32_BIT_CONVERSION = YES;
				GCC_WARN_ABOUT_RETURN_TYPE = YES_ERROR;
				GCC_WARN_UNDECLARED_SELECTOR = YES;
				GCC_WARN_UNINITIALIZED_AUTOS = YES_AGGRESSIVE;
				GCC_WARN_UNUSED_FUNCTION = YES;
				GCC_WARN_UNUSED_VARIABLE = YES;
				IPHONEOS_DEPLOYMENT_TARGET = 11.4;
				MTL_ENABLE_DEBUG_INFO = NO;
				SDKROOT = iphoneos;
				SWIFT_COMPILATION_MODE = wholemodule;
				SWIFT_OPTIMIZATION_LEVEL = "-O";
				VALIDATE_PRODUCT = YES;
			};
			name = Release;
		};
		2F063397211AAC16008A83CF /* Debug */ = {
			isa = XCBuildConfiguration;
			buildSettings = {
				ASSETCATALOG_COMPILER_APPICON_NAME = AppIcon;
				CODE_SIGN_STYLE = Automatic;
				DEVELOPMENT_TEAM = VNKMY4BMXA;
				INFOPLIST_FILE = "burger-menu/Info.plist";
				LD_RUNPATH_SEARCH_PATHS = (
					"$(inherited)",
					"@executable_path/Frameworks",
				);
				PRODUCT_BUNDLE_IDENTIFIER = "com.agus.burger-menu";
				PRODUCT_NAME = "$(TARGET_NAME)";
				SWIFT_VERSION = 4.0;
				TARGETED_DEVICE_FAMILY = "1,2";
			};
			name = Debug;
		};
		2F063398211AAC16008A83CF /* Release */ = {
			isa = XCBuildConfiguration;
			buildSettings = {
				ASSETCATALOG_COMPILER_APPICON_NAME = AppIcon;
				CODE_SIGN_STYLE = Automatic;
				DEVELOPMENT_TEAM = VNKMY4BMXA;
				INFOPLIST_FILE = "burger-menu/Info.plist";
				LD_RUNPATH_SEARCH_PATHS = (
					"$(inherited)",
					"@executable_path/Frameworks",
				);
				PRODUCT_BUNDLE_IDENTIFIER = "com.agus.burger-menu";
				PRODUCT_NAME = "$(TARGET_NAME)";
				SWIFT_VERSION = 4.0;
				TARGETED_DEVICE_FAMILY = "1,2";
			};
			name = Release;
		};
		2F06339A211AAC16008A83CF /* Debug */ = {
			isa = XCBuildConfiguration;
			buildSettings = {
				ALWAYS_EMBED_SWIFT_STANDARD_LIBRARIES = YES;
				BUNDLE_LOADER = "$(TEST_HOST)";
				CODE_SIGN_STYLE = Automatic;
				DEVELOPMENT_TEAM = VNKMY4BMXA;
				INFOPLIST_FILE = "burger-menuTests/Info.plist";
				LD_RUNPATH_SEARCH_PATHS = (
					"$(inherited)",
					"@executable_path/Frameworks",
					"@loader_path/Frameworks",
				);
				PRODUCT_BUNDLE_IDENTIFIER = "com.agus.burger-menuTests";
				PRODUCT_NAME = "$(TARGET_NAME)";
				SWIFT_VERSION = 4.0;
				TARGETED_DEVICE_FAMILY = "1,2";
				TEST_HOST = "$(BUILT_PRODUCTS_DIR)/burger-menu.app/burger-menu";
			};
			name = Debug;
		};
		2F06339B211AAC16008A83CF /* Release */ = {
			isa = XCBuildConfiguration;
			buildSettings = {
				ALWAYS_EMBED_SWIFT_STANDARD_LIBRARIES = YES;
				BUNDLE_LOADER = "$(TEST_HOST)";
				CODE_SIGN_STYLE = Automatic;
				DEVELOPMENT_TEAM = VNKMY4BMXA;
				INFOPLIST_FILE = "burger-menuTests/Info.plist";
				LD_RUNPATH_SEARCH_PATHS = (
					"$(inherited)",
					"@executable_path/Frameworks",
					"@loader_path/Frameworks",
				);
				PRODUCT_BUNDLE_IDENTIFIER = "com.agus.burger-menuTests";
				PRODUCT_NAME = "$(TARGET_NAME)";
				SWIFT_VERSION = 4.0;
				TARGETED_DEVICE_FAMILY = "1,2";
				TEST_HOST = "$(BUILT_PRODUCTS_DIR)/burger-menu.app/burger-menu";
			};
			name = Release;
		};
		2F06339D211AAC16008A83CF /* Debug */ = {
			isa = XCBuildConfiguration;
			buildSettings = {
				ALWAYS_EMBED_SWIFT_STANDARD_LIBRARIES = YES;
				CODE_SIGN_STYLE = Automatic;
				DEVELOPMENT_TEAM = VNKMY4BMXA;
				INFOPLIST_FILE = "burger-menuUITests/Info.plist";
				LD_RUNPATH_SEARCH_PATHS = (
					"$(inherited)",
					"@executable_path/Frameworks",
					"@loader_path/Frameworks",
				);
				PRODUCT_BUNDLE_IDENTIFIER = "com.agus.burger-menuUITests";
				PRODUCT_NAME = "$(TARGET_NAME)";
				SWIFT_VERSION = 4.0;
				TARGETED_DEVICE_FAMILY = "1,2";
				TEST_TARGET_NAME = "burger-menu";
			};
			name = Debug;
		};
		2F06339E211AAC16008A83CF /* Release */ = {
			isa = XCBuildConfiguration;
			buildSettings = {
				ALWAYS_EMBED_SWIFT_STANDARD_LIBRARIES = YES;
				CODE_SIGN_STYLE = Automatic;
				DEVELOPMENT_TEAM = VNKMY4BMXA;
				INFOPLIST_FILE = "burger-menuUITests/Info.plist";
				LD_RUNPATH_SEARCH_PATHS = (
					"$(inherited)",
					"@executable_path/Frameworks",
					"@loader_path/Frameworks",
				);
				PRODUCT_BUNDLE_IDENTIFIER = "com.agus.burger-menuUITests";
				PRODUCT_NAME = "$(TARGET_NAME)";
				SWIFT_VERSION = 4.0;
				TARGETED_DEVICE_FAMILY = "1,2";
				TEST_TARGET_NAME = "burger-menu";
			};
			name = Release;
		};
/* End XCBuildConfiguration section */

/* Begin XCConfigurationList section */
		2F063369211AAC14008A83CF /* Build configuration list for PBXProject "burger-menu" */ = {
			isa = XCConfigurationList;
			buildConfigurations = (
				2F063394211AAC16008A83CF /* Debug */,
				2F063395211AAC16008A83CF /* Release */,
			);
			defaultConfigurationIsVisible = 0;
			defaultConfigurationName = Release;
		};
		2F063396211AAC16008A83CF /* Build configuration list for PBXNativeTarget "burger-menu" */ = {
			isa = XCConfigurationList;
			buildConfigurations = (
				2F063397211AAC16008A83CF /* Debug */,
				2F063398211AAC16008A83CF /* Release */,
			);
			defaultConfigurationIsVisible = 0;
			defaultConfigurationName = Release;
		};
		2F063399211AAC16008A83CF /* Build configuration list for PBXNativeTarget "burger-menuTests" */ = {
			isa = XCConfigurationList;
			buildConfigurations = (
				2F06339A211AAC16008A83CF /* Debug */,
				2F06339B211AAC16008A83CF /* Release */,
			);
			defaultConfigurationIsVisible = 0;
			defaultConfigurationName = Release;
		};
		2F06339C211AAC16008A83CF /* Build configuration list for PBXNativeTarget "burger-menuUITests" */ = {
			isa = XCConfigurationList;
			buildConfigurations = (
				2F06339D211AAC16008A83CF /* Debug */,
				2F06339E211AAC16008A83CF /* Release */,
			);
			defaultConfigurationIsVisible = 0;
			defaultConfigurationName = Release;
		};
/* End XCConfigurationList section */
	};
	rootObject = 2F063366211AAC14008A83CF /* Project object */;
}
